PODS:
  - HealthKitSampleGenerator (1.0.4)
  - Nimble (8.1.1)
  - Quick (3.0.0)
  - Zip (1.1.0)

DEPENDENCIES:
  - HealthKitSampleGenerator (from `../`)
  - Nimble
  - Quick
  - Zip (~> 1.0)

SPEC REPOS:
  https://github.com/CocoaPods/Specs.git:
    - Nimble
    - Quick
    - Zip

EXTERNAL SOURCES:
  HealthKitSampleGenerator:
    :path: "../"

SPEC CHECKSUMS:
  HealthKitSampleGenerator: 71917c8a5ebfcbd39b9bce0c9542d487c097d0c8
  Nimble: 5f8a2fb6fa343a7242dfdd9d42f7267419d464b2
  Quick: 6d9559f40647bc4d510103842ef2fdd882d753e2
  Zip: 8877eede3dda76bcac281225c20e71c25270774c

PODFILE CHECKSUM: 4e84fa2bd15f1545f1b94dff8b3f6211acdcfb25

COCOAPODS: 1.9.1
